// !$*UTF8*$!
{
	archiveVersion = 1;
	classes = {
	};
	objectVersion = 56;
	objects = {

/* Begin PBXBuildFile section */
		1DDD58160DA1D0A300B32029 /* MainMenu.xib in Resources */ = {isa = PBXBuildFile; fileRef = 1DDD58140DA1D0A300B32029 /* MainMenu.xib */; };
		256AC3DA0F4B6AC300CF3369 /* CustomMenusAppDelegate.m in Sources */ = {isa = PBXBuildFile; fileRef = 256AC3D90F4B6AC300CF3369 /* CustomMenusAppDelegate.m */; };
		2BD14C4012D64C0100C2A872 /* ReadMe.txt in Resources */ = {isa = PBXBuildFile; fileRef = 2BD14C3F12D64C0100C2A872 /* ReadMe.txt */; };
		8724A6AD11AF3CE90057E785 /* SuggestionsWindow.m in Sources */ = {isa = PBXBuildFile; fileRef = 8724A6AC11AF3CE90057E785 /* SuggestionsWindow.m */; };
		87A62A2F11A9FF80003BFB8D /* suggestionprototype1.xib in Resources */ = {isa = PBXBuildFile; fileRef = 87A62A2D11A9FF80003BFB8D /* suggestionprototype1.xib */; };
		87A62DF811AA4E74003BFB8D /* HighlightingView.m in Sources */ = {isa = PBXBuildFile; fileRef = 87A62DF711AA4E74003BFB8D /* HighlightingView.m */; };
		87CD530E11A9AD0C00B510D3 /* RoundedCornersView.m in Sources */ = {isa = PBXBuildFile; fileRef = 87CD530D11A9AD0C00B510D3 /* RoundedCornersView.m */; };
		87CD531111A9AE5D00B510D3 /* SuggestionsWindowController.m in Sources */ = {isa = PBXBuildFile; fileRef = 87CD531011A9AE5D00B510D3 /* SuggestionsWindowController.m */; };
		8D11072B0486CEB800E47090 /* InfoPlist.strings in Resources */ = {isa = PBXBuildFile; fileRef = 089C165CFE840E0CC02AAC07 /* InfoPlist.strings */; };
		8D11072D0486CEB800E47090 /* main.m in Sources */ = {isa = PBXBuildFile; fileRef = 29B97316FDCFA39411CA2CEA /* main.m */; settings = {ATTRIBUTES = (); }; };
		8D11072F0486CEB800E47090 /* Cocoa.framework in Frameworks */ = {isa = PBXBuildFile; fileRef = 1058C7A1FEA54F0111CA2CBB /* Cocoa.framework */; };
		D208AB062DF0151300A7D2C7 /* CoreWLAN.framework in Frameworks */ = {isa = PBXBuildFile; fileRef = D208AB052DF0151300A7D2C7 /* CoreWLAN.framework */; };
		D21F8530219A067600EC0664 /* suggestionprototype2.xib in Resources */ = {isa = PBXBuildFile; fileRef = D21F852E219A067600EC0664 /* suggestionprototype2.xib */; };
		D227F51B219A07BA00F98597 /* CoreLocation.framework in Frameworks */ = {isa = PBXBuildFile; fileRef = D227F51A219A07BA00F98597 /* CoreLocation.framework */; };
		D227F51E219AD79000F98597 /* entercoordinates.xib in Resources */ = {isa = PBXBuildFile; fileRef = D227F51C219AD79000F98597 /* entercoordinates.xib */; };
		D240F4F3219B15D700D01F33 /* Media.xcassets in Resources */ = {isa = PBXBuildFile; fileRef = D240F4F2219B15D700D01F33 /* Media.xcassets */; };
		D2970DFB2199FE6100D9A9C0 /* MapSearchFieldCell.m in Sources */ = {isa = PBXBuildFile; fileRef = D2970DFA2199FE6100D9A9C0 /* MapSearchFieldCell.m */; };
		D2970DFE2199FE6700D9A9C0 /* MapDelayedSpinner.m in Sources */ = {isa = PBXBuildFile; fileRef = D2970DFD2199FE6700D9A9C0 /* MapDelayedSpinner.m */; };
		D2970E012199FF9900D9A9C0 /* MyMapView.m in Sources */ = {isa = PBXBuildFile; fileRef = D2970E002199FF9900D9A9C0 /* MyMapView.m */; };
		D2DDFFED2195F45500C11D8A /* MapSearchField.m in Sources */ = {isa = PBXBuildFile; fileRef = D2DDFFEC2195F45500C11D8A /* MapSearchField.m */; };
		D2DDFFEF219616FA00C11D8A /* MapKit.framework in Frameworks */ = {isa = PBXBuildFile; fileRef = D2DDFFEE219616FA00C11D8A /* MapKit.framework */; };
		D2E330BB219B4A2A000F2367 /* CLLocation+Additions.m in Sources */ = {isa = PBXBuildFile; fileRef = D2E330BA219B4A2A000F2367 /* CLLocation+Additions.m */; };
/* End PBXBuildFile section */

/* Begin PBXFileReference section */
		1058C7A1FEA54F0111CA2CBB /* Cocoa.framework */ = {isa = PBXFileReference; lastKnownFileType = wrapper.framework; name = Cocoa.framework; path = /System/Library/Frameworks/Cocoa.framework; sourceTree = "<absolute>"; };
		256AC3D80F4B6AC300CF3369 /* CustomMenusAppDelegate.h */ = {isa = PBXFileReference; fileEncoding = 4; lastKnownFileType = sourcecode.c.h; path = CustomMenusAppDelegate.h; sourceTree = "<group>"; };
		256AC3D90F4B6AC300CF3369 /* CustomMenusAppDelegate.m */ = {isa = PBXFileReference; fileEncoding = 4; lastKnownFileType = sourcecode.c.objc; path = CustomMenusAppDelegate.m; sourceTree = "<group>"; };
		29B97316FDCFA39411CA2CEA /* main.m */ = {isa = PBXFileReference; fileEncoding = 4; lastKnownFileType = sourcecode.c.objc; path = main.m; sourceTree = "<group>"; };
		29B97324FDCFA39411CA2CEA /* AppKit.framework */ = {isa = PBXFileReference; lastKnownFileType = wrapper.framework; name = AppKit.framework; path = /System/Library/Frameworks/AppKit.framework; sourceTree = "<absolute>"; };
		29B97325FDCFA39411CA2CEA /* Foundation.framework */ = {isa = PBXFileReference; lastKnownFileType = wrapper.framework; name = Foundation.framework; path = /System/Library/Frameworks/Foundation.framework; sourceTree = "<absolute>"; };
		2BD14C3F12D64C0100C2A872 /* ReadMe.txt */ = {isa = PBXFileReference; fileEncoding = 4; lastKnownFileType = text; path = ReadMe.txt; sourceTree = "<group>"; };
		532273A015F92B3100F89E73 /* CustomMenus.entitlements */ = {isa = PBXFileReference; lastKnownFileType = text.xml; path = CustomMenus.entitlements; sourceTree = "<group>"; };
		8724A6AB11AF3CE90057E785 /* SuggestionsWindow.h */ = {isa = PBXFileReference; fileEncoding = 4; lastKnownFileType = sourcecode.c.h; path = SuggestionsWindow.h; sourceTree = "<group>"; };
		8724A6AC11AF3CE90057E785 /* SuggestionsWindow.m */ = {isa = PBXFileReference; fileEncoding = 4; lastKnownFileType = sourcecode.c.objc; path = SuggestionsWindow.m; sourceTree = "<group>"; };
		87A62DF611AA4E74003BFB8D /* HighlightingView.h */ = {isa = PBXFileReference; fileEncoding = 4; lastKnownFileType = sourcecode.c.h; path = HighlightingView.h; sourceTree = "<group>"; };
		87A62DF711AA4E74003BFB8D /* HighlightingView.m */ = {isa = PBXFileReference; fileEncoding = 4; lastKnownFileType = sourcecode.c.objc; path = HighlightingView.m; sourceTree = "<group>"; };
		87CD530C11A9AD0C00B510D3 /* RoundedCornersView.h */ = {isa = PBXFileReference; fileEncoding = 4; lastKnownFileType = sourcecode.c.h; path = RoundedCornersView.h; sourceTree = "<group>"; };
		87CD530D11A9AD0C00B510D3 /* RoundedCornersView.m */ = {isa = PBXFileReference; fileEncoding = 4; lastKnownFileType = sourcecode.c.objc; path = RoundedCornersView.m; sourceTree = "<group>"; };
		87CD530F11A9AE5D00B510D3 /* SuggestionsWindowController.h */ = {isa = PBXFileReference; fileEncoding = 4; lastKnownFileType = sourcecode.c.h; path = SuggestionsWindowController.h; sourceTree = "<group>"; };
		87CD531011A9AE5D00B510D3 /* SuggestionsWindowController.m */ = {isa = PBXFileReference; fileEncoding = 4; lastKnownFileType = sourcecode.c.objc; path = SuggestionsWindowController.m; sourceTree = "<group>"; };
		8D1107310486CEB800E47090 /* CustomMenus-Info.plist */ = {isa = PBXFileReference; fileEncoding = 4; lastKnownFileType = text.plist.xml; path = "CustomMenus-Info.plist"; sourceTree = "<group>"; };
		8D1107320486CEB800E47090 /* CustomMenus.app */ = {isa = PBXFileReference; explicitFileType = wrapper.application; includeInIndex = 0; path = CustomMenus.app; sourceTree = BUILT_PRODUCTS_DIR; };
		D208AB052DF0151300A7D2C7 /* CoreWLAN.framework */ = {isa = PBXFileReference; lastKnownFileType = wrapper.framework; name = CoreWLAN.framework; path = System/Library/Frameworks/CoreWLAN.framework; sourceTree = SDKROOT; };
		D227F51A219A07BA00F98597 /* CoreLocation.framework */ = {isa = PBXFileReference; lastKnownFileType = wrapper.framework; name = CoreLocation.framework; path = System/Library/Frameworks/CoreLocation.framework; sourceTree = SDKROOT; };
		D240F4F2219B15D700D01F33 /* Media.xcassets */ = {isa = PBXFileReference; lastKnownFileType = folder.assetcatalog; path = Media.xcassets; sourceTree = "<group>"; };
		D2788D4B2C4F6E9800873716 /* Base */ = {isa = PBXFileReference; lastKnownFileType = file.xib; name = Base; path = Base.lproj/MainMenu.xib; sourceTree = "<group>"; };
		D2788D4C2C4F6E9800873716 /* Base */ = {isa = PBXFileReference; lastKnownFileType = file.xib; name = Base; path = Base.lproj/entercoordinates.xib; sourceTree = "<group>"; };
		D2788D4D2C4F6E9800873716 /* Base */ = {isa = PBXFileReference; lastKnownFileType = file.xib; name = Base; path = Base.lproj/suggestionprototype1.xib; sourceTree = "<group>"; };
		D2788D4E2C4F6E9800873716 /* Base */ = {isa = PBXFileReference; lastKnownFileType = file.xib; name = Base; path = Base.lproj/suggestionprototype2.xib; sourceTree = "<group>"; };
		D2788D4F2C4F6E9B00873716 /* en */ = {isa = PBXFileReference; lastKnownFileType = text.plist.strings; name = en; path = en.lproj/InfoPlist.strings; sourceTree = "<group>"; };
		D2970DF92199FE6100D9A9C0 /* MapSearchFieldCell.h */ = {isa = PBXFileReference; fileEncoding = 4; lastKnownFileType = sourcecode.c.h; path = MapSearchFieldCell.h; sourceTree = "<group>"; };
		D2970DFA2199FE6100D9A9C0 /* MapSearchFieldCell.m */ = {isa = PBXFileReference; fileEncoding = 4; lastKnownFileType = sourcecode.c.objc; path = MapSearchFieldCell.m; sourceTree = "<group>"; };
		D2970DFC2199FE6700D9A9C0 /* MapDelayedSpinner.h */ = {isa = PBXFileReference; fileEncoding = 4; lastKnownFileType = sourcecode.c.h; path = MapDelayedSpinner.h; sourceTree = "<group>"; };
		D2970DFD2199FE6700D9A9C0 /* MapDelayedSpinner.m */ = {isa = PBXFileReference; fileEncoding = 4; lastKnownFileType = sourcecode.c.objc; path = MapDelayedSpinner.m; sourceTree = "<group>"; };
		D2970DFF2199FF9900D9A9C0 /* MyMapView.h */ = {isa = PBXFileReference; fileEncoding = 4; lastKnownFileType = sourcecode.c.h; path = MyMapView.h; sourceTree = "<group>"; };
		D2970E002199FF9900D9A9C0 /* MyMapView.m */ = {isa = PBXFileReference; fileEncoding = 4; lastKnownFileType = sourcecode.c.objc; path = MyMapView.m; sourceTree = "<group>"; };
		D2DDFFEB2195F45500C11D8A /* MapSearchField.h */ = {isa = PBXFileReference; lastKnownFileType = sourcecode.c.h; path = MapSearchField.h; sourceTree = "<group>"; };
		D2DDFFEC2195F45500C11D8A /* MapSearchField.m */ = {isa = PBXFileReference; lastKnownFileType = sourcecode.c.objc; path = MapSearchField.m; sourceTree = "<group>"; };
		D2DDFFEE219616FA00C11D8A /* MapKit.framework */ = {isa = PBXFileReference; lastKnownFileType = wrapper.framework; name = MapKit.framework; path = System/Library/Frameworks/MapKit.framework; sourceTree = SDKROOT; };
		D2E330B9219B4A2A000F2367 /* CLLocation+Additions.h */ = {isa = PBXFileReference; lastKnownFileType = sourcecode.c.h; path = "CLLocation+Additions.h"; sourceTree = "<group>"; };
		D2E330BA219B4A2A000F2367 /* CLLocation+Additions.m */ = {isa = PBXFileReference; lastKnownFileType = sourcecode.c.objc; path = "CLLocation+Additions.m"; sourceTree = "<group>"; };
/* End PBXFileReference section */

/* Begin PBXFrameworksBuildPhase section */
		8D11072E0486CEB800E47090 /* Frameworks */ = {
			isa = PBXFrameworksBuildPhase;
			buildActionMask = 2147483647;
			files = (
				D227F51B219A07BA00F98597 /* CoreLocation.framework in Frameworks */,
				D208AB062DF0151300A7D2C7 /* CoreWLAN.framework in Frameworks */,
				D2DDFFEF219616FA00C11D8A /* MapKit.framework in Frameworks */,
				8D11072F0486CEB800E47090 /* Cocoa.framework in Frameworks */,
			);
			runOnlyForDeploymentPostprocessing = 0;
		};
/* End PBXFrameworksBuildPhase section */

/* Begin PBXGroup section */
		080E96DDFE201D6D7F000001 /* Classes */ = {
			isa = PBXGroup;
			children = (
				256AC3D80F4B6AC300CF3369 /* CustomMenusAppDelegate.h */,
				256AC3D90F4B6AC300CF3369 /* CustomMenusAppDelegate.m */,
			);
			name = Classes;
			sourceTree = "<group>";
		};
		1058C7A0FEA54F0111CA2CBB /* Linked Frameworks */ = {
			isa = PBXGroup;
			children = (
				1058C7A1FEA54F0111CA2CBB /* Cocoa.framework */,
			);
			name = "Linked Frameworks";
			sourceTree = "<group>";
		};
		1058C7A2FEA54F0111CA2CBB /* Other Frameworks */ = {
			isa = PBXGroup;
			children = (
				29B97324FDCFA39411CA2CEA /* AppKit.framework */,
				29B97325FDCFA39411CA2CEA /* Foundation.framework */,
			);
			name = "Other Frameworks";
			sourceTree = "<group>";
		};
		19C28FACFE9D520D11CA2CBB /* Products */ = {
			isa = PBXGroup;
			children = (
				8D1107320486CEB800E47090 /* CustomMenus.app */,
			);
			name = Products;
			sourceTree = "<group>";
		};
		29B97314FDCFA39411CA2CEA /* CustomMenus */ = {
			isa = PBXGroup;
			children = (
				532273A015F92B3100F89E73 /* CustomMenus.entitlements */,
				2BD14C3F12D64C0100C2A872 /* ReadMe.txt */,
				080E96DDFE201D6D7F000001 /* Classes */,
				873492EB11B061A5007159B7 /* Suggestions Popup */,
				29B97315FDCFA39411CA2CEA /* Other Sources */,
				29B97317FDCFA39411CA2CEA /* Resources */,
				29B97323FDCFA39411CA2CEA /* Frameworks */,
				19C28FACFE9D520D11CA2CBB /* Products */,
			);
			name = CustomMenus;
			sourceTree = "<group>";
		};
		29B97315FDCFA39411CA2CEA /* Other Sources */ = {
			isa = PBXGroup;
			children = (
				29B97316FDCFA39411CA2CEA /* main.m */,
			);
			name = "Other Sources";
			sourceTree = "<group>";
		};
		29B97317FDCFA39411CA2CEA /* Resources */ = {
			isa = PBXGroup;
			children = (
				D240F4F2219B15D700D01F33 /* Media.xcassets */,
				8D1107310486CEB800E47090 /* CustomMenus-Info.plist */,
				089C165CFE840E0CC02AAC07 /* InfoPlist.strings */,
				1DDD58140DA1D0A300B32029 /* MainMenu.xib */,
				D227F51C219AD79000F98597 /* entercoordinates.xib */,
				87A62A2D11A9FF80003BFB8D /* suggestionprototype1.xib */,
				D21F852E219A067600EC0664 /* suggestionprototype2.xib */,
			);
			name = Resources;
			sourceTree = "<group>";
		};
		29B97323FDCFA39411CA2CEA /* Frameworks */ = {
			isa = PBXGroup;
			children = (
				D208AB052DF0151300A7D2C7 /* CoreWLAN.framework */,
				D227F51A219A07BA00F98597 /* CoreLocation.framework */,
				D2DDFFEE219616FA00C11D8A /* MapKit.framework */,
				1058C7A0FEA54F0111CA2CBB /* Linked Frameworks */,
				1058C7A2FEA54F0111CA2CBB /* Other Frameworks */,
			);
			name = Frameworks;
			sourceTree = "<group>";
		};
		873492EB11B061A5007159B7 /* Suggestions Popup */ = {
			isa = PBXGroup;
			children = (
				87CD530F11A9AE5D00B510D3 /* SuggestionsWindowController.h */,
				87CD531011A9AE5D00B510D3 /* SuggestionsWindowController.m */,
				87CD530C11A9AD0C00B510D3 /* RoundedCornersView.h */,
				87CD530D11A9AD0C00B510D3 /* RoundedCornersView.m */,
				8724A6AB11AF3CE90057E785 /* SuggestionsWindow.h */,
				8724A6AC11AF3CE90057E785 /* SuggestionsWindow.m */,
				87A62DF611AA4E74003BFB8D /* HighlightingView.h */,
				87A62DF711AA4E74003BFB8D /* HighlightingView.m */,
				D2970DF92199FE6100D9A9C0 /* MapSearchFieldCell.h */,
				D2970DFA2199FE6100D9A9C0 /* MapSearchFieldCell.m */,
				D2DDFFEB2195F45500C11D8A /* MapSearchField.h */,
				D2DDFFEC2195F45500C11D8A /* MapSearchField.m */,
				D2970DFC2199FE6700D9A9C0 /* MapDelayedSpinner.h */,
				D2970DFD2199FE6700D9A9C0 /* MapDelayedSpinner.m */,
				D2970DFF2199FF9900D9A9C0 /* MyMapView.h */,
				D2970E002199FF9900D9A9C0 /* MyMapView.m */,
				D2E330B9219B4A2A000F2367 /* CLLocation+Additions.h */,
				D2E330BA219B4A2A000F2367 /* CLLocation+Additions.m */,
			);
			name = "Suggestions Popup";
			sourceTree = "<group>";
		};
/* End PBXGroup section */

/* Begin PBXNativeTarget section */
		8D1107260486CEB800E47090 /* CustomMenus */ = {
			isa = PBXNativeTarget;
			buildConfigurationList = C01FCF4A08A954540054247B /* Build configuration list for PBXNativeTarget "CustomMenus" */;
			buildPhases = (
				8D1107290486CEB800E47090 /* Resources */,
				8D11072C0486CEB800E47090 /* Sources */,
				8D11072E0486CEB800E47090 /* Frameworks */,
			);
			buildRules = (
			);
			dependencies = (
			);
			name = CustomMenus;
			productInstallPath = "$(HOME)/Applications";
			productName = CustomMenus;
			productReference = 8D1107320486CEB800E47090 /* CustomMenus.app */;
			productType = "com.apple.product-type.application";
		};
/* End PBXNativeTarget section */

/* Begin PBXProject section */
		29B97313FDCFA39411CA2CEA /* Project object */ = {
			isa = PBXProject;
			attributes = {
				BuildIndependentTargetsInParallel = YES;
				LastUpgradeCheck = 1540;
				TargetAttributes = {
					8D1107260486CEB800E47090 = {
						SystemCapabilities = {
							com.apple.Maps.Mac = {
								enabled = 1;
							};
						};
					};
				};
			};
			buildConfigurationList = C01FCF4E08A954540054247B /* Build configuration list for PBXProject "CustomMenus" */;
			compatibilityVersion = "Xcode 14.0";
			developmentRegion = en;
			hasScannedForEncodings = 1;
			knownRegions = (
				Base,
				en,
				fr,
				de,
				ja,
			);
			mainGroup = 29B97314FDCFA39411CA2CEA /* CustomMenus */;
			projectDirPath = "";
			projectRoot = "";
			targets = (
				8D1107260486CEB800E47090 /* CustomMenus */,
			);
		};
/* End PBXProject section */

/* Begin PBXResourcesBuildPhase section */
		8D1107290486CEB800E47090 /* Resources */ = {
			isa = PBXResourcesBuildPhase;
			buildActionMask = 2147483647;
			files = (
				D21F8530219A067600EC0664 /* suggestionprototype2.xib in Resources */,
				8D11072B0486CEB800E47090 /* InfoPlist.strings in Resources */,
				D240F4F3219B15D700D01F33 /* Media.xcassets in Resources */,
				D227F51E219AD79000F98597 /* entercoordinates.xib in Resources */,
				1DDD58160DA1D0A300B32029 /* MainMenu.xib in Resources */,
				87A62A2F11A9FF80003BFB8D /* suggestionprototype1.xib in Resources */,
				2BD14C4012D64C0100C2A872 /* ReadMe.txt in Resources */,
			);
			runOnlyForDeploymentPostprocessing = 0;
		};
/* End PBXResourcesBuildPhase section */

/* Begin PBXSourcesBuildPhase section */
		8D11072C0486CEB800E47090 /* Sources */ = {
			isa = PBXSourcesBuildPhase;
			buildActionMask = 2147483647;
			files = (
				8D11072D0486CEB800E47090 /* main.m in Sources */,
				D2E330BB219B4A2A000F2367 /* CLLocation+Additions.m in Sources */,
				D2DDFFED2195F45500C11D8A /* MapSearchField.m in Sources */,
				256AC3DA0F4B6AC300CF3369 /* CustomMenusAppDelegate.m in Sources */,
				D2970DFE2199FE6700D9A9C0 /* MapDelayedSpinner.m in Sources */,
				87CD530E11A9AD0C00B510D3 /* RoundedCornersView.m in Sources */,
				D2970E012199FF9900D9A9C0 /* MyMapView.m in Sources */,
				87CD531111A9AE5D00B510D3 /* SuggestionsWindowController.m in Sources */,
				D2970DFB2199FE6100D9A9C0 /* MapSearchFieldCell.m in Sources */,
				87A62DF811AA4E74003BFB8D /* HighlightingView.m in Sources */,
				8724A6AD11AF3CE90057E785 /* SuggestionsWindow.m in Sources */,
			);
			runOnlyForDeploymentPostprocessing = 0;
		};
/* End PBXSourcesBuildPhase section */

/* Begin PBXVariantGroup section */
		089C165CFE840E0CC02AAC07 /* InfoPlist.strings */ = {
			isa = PBXVariantGroup;
			children = (
				D2788D4F2C4F6E9B00873716 /* en */,
			);
			name = InfoPlist.strings;
			sourceTree = "<group>";
		};
		1DDD58140DA1D0A300B32029 /* MainMenu.xib */ = {
			isa = PBXVariantGroup;
			children = (
				D2788D4B2C4F6E9800873716 /* Base */,
			);
			name = MainMenu.xib;
			sourceTree = "<group>";
		};
		87A62A2D11A9FF80003BFB8D /* suggestionprototype1.xib */ = {
			isa = PBXVariantGroup;
			children = (
				D2788D4D2C4F6E9800873716 /* Base */,
			);
			name = suggestionprototype1.xib;
			sourceTree = "<group>";
		};
		D21F852E219A067600EC0664 /* suggestionprototype2.xib */ = {
			isa = PBXVariantGroup;
			children = (
				D2788D4E2C4F6E9800873716 /* Base */,
			);
			name = suggestionprototype2.xib;
			sourceTree = "<group>";
		};
		D227F51C219AD79000F98597 /* entercoordinates.xib */ = {
			isa = PBXVariantGroup;
			children = (
				D2788D4C2C4F6E9800873716 /* Base */,
			);
			name = entercoordinates.xib;
			sourceTree = "<group>";
		};
/* End PBXVariantGroup section */

/* Begin XCBuildConfiguration section */
		C01FCF4B08A954540054247B /* Debug */ = {
			isa = XCBuildConfiguration;
			buildSettings = {
				ALWAYS_SEARCH_USER_PATHS = NO;
				CLANG_ENABLE_OBJC_ARC = YES;
				CODE_SIGN_ENTITLEMENTS = CustomMenus.entitlements;
				CODE_SIGN_IDENTITY = "Apple Development";
				CODE_SIGN_STYLE = Automatic;
				COMBINE_HIDPI_IMAGES = YES;
				COPY_PHASE_STRIP = NO;
				DEAD_CODE_STRIPPING = YES;
				DEVELOPMENT_TEAM = BXQ2LHBD6T;
				ENABLE_HARDENED_RUNTIME = YES;
				GCC_DYNAMIC_NO_PIC = NO;
				GCC_MODEL_TUNING = G5;
				GCC_OPTIMIZATION_LEVEL = 0;
				INFOPLIST_FILE = "CustomMenus-Info.plist";
				INSTALL_PATH = "$(HOME)/Applications";
				MACOSX_DEPLOYMENT_TARGET = 12.0;
				PRODUCT_BUNDLE_IDENTIFIER = com.hrubasko.github.CustomMenus;
				PRODUCT_NAME = CustomMenus;
				PROVISIONING_PROFILE_SPECIFIER = "";
			};
			name = Debug;
		};
		C01FCF4C08A954540054247B /* Release */ = {
			isa = XCBuildConfiguration;
			buildSettings = {
				ALWAYS_SEARCH_USER_PATHS = NO;
				CLANG_ENABLE_OBJC_ARC = YES;
				CODE_SIGN_ENTITLEMENTS = CustomMenus.entitlements;
				CODE_SIGN_IDENTITY = "Apple Development";
				CODE_SIGN_STYLE = Automatic;
				COMBINE_HIDPI_IMAGES = YES;
				DEAD_CODE_STRIPPING = YES;
				DEBUG_INFORMATION_FORMAT = "dwarf-with-dsym";
				DEVELOPMENT_TEAM = BXQ2LHBD6T;
				ENABLE_HARDENED_RUNTIME = YES;
				GCC_MODEL_TUNING = G5;
				INFOPLIST_FILE = "CustomMenus-Info.plist";
				INSTALL_PATH = "$(HOME)/Applications";
				MACOSX_DEPLOYMENT_TARGET = 12.0;
				PRODUCT_BUNDLE_IDENTIFIER = com.hrubasko.github.CustomMenus;
				PRODUCT_NAME = CustomMenus;
				PROVISIONING_PROFILE_SPECIFIER = "";
			};
			name = Release;
		};
		C01FCF4F08A954540054247B /* Debug */ = {
			isa = XCBuildConfiguration;
			buildSettings = {
				CLANG_ANALYZER_LOCALIZABILITY_NONLOCALIZED = YES;
				CLANG_WARN_BLOCK_CAPTURE_AUTORELEASING = YES;
				CLANG_WARN_BOOL_CONVERSION = YES;
				CLANG_WARN_COMMA = YES;
				CLANG_WARN_CONSTANT_CONVERSION = YES;
				CLANG_WARN_DEPRECATED_OBJC_IMPLEMENTATIONS = YES;
				CLANG_WARN_EMPTY_BODY = YES;
				CLANG_WARN_ENUM_CONVERSION = YES;
				CLANG_WARN_INFINITE_RECURSION = YES;
				CLANG_WARN_INT_CONVERSION = YES;
				CLANG_WARN_NON_LITERAL_NULL_CONVERSION = YES;
				CLANG_WARN_OBJC_IMPLICIT_RETAIN_SELF = YES;
				CLANG_WARN_OBJC_LITERAL_CONVERSION = YES;
				CLANG_WARN_QUOTED_INCLUDE_IN_FRAMEWORK_HEADER = YES;
				CLANG_WARN_RANGE_LOOP_ANALYSIS = YES;
				CLANG_WARN_STRICT_PROTOTYPES = YES;
				CLANG_WARN_SUSPICIOUS_MOVE = YES;
				CLANG_WARN_UNREACHABLE_CODE = YES;
				CLANG_WARN__DUPLICATE_METHOD_MATCH = YES;
				DEAD_CODE_STRIPPING = YES;
				ENABLE_STRICT_OBJC_MSGSEND = YES;
				ENABLE_TESTABILITY = YES;
				ENABLE_USER_SCRIPT_SANDBOXING = YES;
				GCC_C_LANGUAGE_STANDARD = gnu99;
				GCC_NO_COMMON_BLOCKS = YES;
				GCC_OPTIMIZATION_LEVEL = 0;
				GCC_WARN_64_TO_32_BIT_CONVERSION = YES;
				GCC_WARN_ABOUT_MISSING_FIELD_INITIALIZERS = YES;
				GCC_WARN_ABOUT_RETURN_TYPE = YES;
				GCC_WARN_INITIALIZER_NOT_FULLY_BRACKETED = YES;
				GCC_WARN_SHADOW = YES;
				GCC_WARN_SIGN_COMPARE = YES;
				GCC_WARN_UNDECLARED_SELECTOR = YES;
				GCC_WARN_UNINITIALIZED_AUTOS = YES;
				GCC_WARN_UNUSED_FUNCTION = YES;
				GCC_WARN_UNUSED_LABEL = YES;
				GCC_WARN_UNUSED_VARIABLE = YES;
				MACOSX_DEPLOYMENT_TARGET = 10.12;
				ONLY_ACTIVE_ARCH = YES;
				RUN_CLANG_STATIC_ANALYZER = YES;
				SDKROOT = macosx;
			};
			name = Debug;
		};
		C01FCF5008A954540054247B /* Release */ = {
			isa = XCBuildConfiguration;
			buildSettings = {
				CLANG_ANALYZER_LOCALIZABILITY_NONLOCALIZED = YES;
				CLANG_WARN_BLOCK_CAPTURE_AUTORELEASING = YES;
				CLANG_WARN_BOOL_CONVERSION = YES;
				CLANG_WARN_COMMA = YES;
				CLANG_WARN_CONSTANT_CONVERSION = YES;
				CLANG_WARN_DEPRECATED_OBJC_IMPLEMENTATIONS = YES;
				CLANG_WARN_EMPTY_BODY = YES;
				CLANG_WARN_ENUM_CONVERSION = YES;
				CLANG_WARN_INFINITE_RECURSION = YES;
				CLANG_WARN_INT_CONVERSION = YES;
				CLANG_WARN_NON_LITERAL_NULL_CONVERSION = YES;
				CLANG_WARN_OBJC_IMPLICIT_RETAIN_SELF = YES;
				CLANG_WARN_OBJC_LITERAL_CONVERSION = YES;
				CLANG_WARN_QUOTED_INCLUDE_IN_FRAMEWORK_HEADER = YES;
				CLANG_WARN_RANGE_LOOP_ANALYSIS = YES;
				CLANG_WARN_STRICT_PROTOTYPES = YES;
				CLANG_WARN_SUSPICIOUS_MOVE = YES;
				CLANG_WARN_UNREACHABLE_CODE = YES;
				CLANG_WARN__DUPLICATE_METHOD_MATCH = YES;
				DEAD_CODE_STRIPPING = YES;
				ENABLE_STRICT_OBJC_MSGSEND = YES;
				ENABLE_USER_SCRIPT_SANDBOXING = YES;
				GCC_C_LANGUAGE_STANDARD = gnu99;
				GCC_NO_COMMON_BLOCKS = YES;
				GCC_WARN_64_TO_32_BIT_CONVERSION = YES;
				GCC_WARN_ABOUT_MISSING_FIELD_INITIALIZERS = YES;
				GCC_WARN_ABOUT_RETURN_TYPE = YES;
				GCC_WARN_INITIALIZER_NOT_FULLY_BRACKETED = YES;
				GCC_WARN_SHADOW = YES;
				GCC_WARN_SIGN_COMPARE = YES;
				GCC_WARN_UNDECLARED_SELECTOR = YES;
				GCC_WARN_UNINITIALIZED_AUTOS = YES;
				GCC_WARN_UNUSED_FUNCTION = YES;
				GCC_WARN_UNUSED_LABEL = YES;
				GCC_WARN_UNUSED_VARIABLE = YES;
				MACOSX_DEPLOYMENT_TARGET = 10.12;
				RUN_CLANG_STATIC_ANALYZER = YES;
				SDKROOT = macosx;
			};
			name = Release;
		};
/* End XCBuildConfiguration section */

/* Begin XCConfigurationList section */
		C01FCF4A08A954540054247B /* Build configuration list for PBXNativeTarget "CustomMenus" */ = {
			isa = XCConfigurationList;
			buildConfigurations = (
				C01FCF4B08A954540054247B /* Debug */,
				C01FCF4C08A954540054247B /* Release */,
			);
			defaultConfigurationIsVisible = 0;
			defaultConfigurationName = Release;
		};
		C01FCF4E08A954540054247B /* Build configuration list for PBXProject "CustomMenus" */ = {
			isa = XCConfigurationList;
			buildConfigurations = (
				C01FCF4F08A954540054247B /* Debug */,
				C01FCF5008A954540054247B /* Release */,
			);
			defaultConfigurationIsVisible = 0;
			defaultConfigurationName = Release;
		};
/* End XCConfigurationList section */
	};
	rootObject = 29B97313FDCFA39411CA2CEA /* Project object */;
}
